
Microsoft Visual Studio Solution File, Format Version 12.00
# Visual Studio Version 16
VisualStudioVersion = 16.0.30413.136
MinimumVisualStudioVersion = 10.0.40219.1
Project("{FAE04EC0-301F-11D3-BF4B-00C04F79EFBC}") = "SwitchStatement", "SwitchStatement\SwitchStatement.csproj", "{C84C46D5-AF7F-4954-8CDB-10F5BB18F875}"
EndProject
Global
	GlobalSection(SolutionConfigurationPlatforms) = preSolution
		Debug|Any CPU = Debug|Any CPU
		Release|Any CPU = Release|Any CPU
	EndGlobalSection
	GlobalSection(ProjectConfigurationPlatforms) = postSolution
		{C84C46D5-AF7F-4954-8CDB-10F5BB18F875}.Debug|Any CPU.ActiveCfg = Debug|Any CPU
		{C84C46D5-AF7F-4954-8CDB-10F5BB18F875}.Debug|Any CPU.Build.0 = Debug|Any CPU
		{C84C46D5-AF7F-4954-8CDB-10F5BB18F875}.Release|Any CPU.ActiveCfg = Release|Any CPU
		{C84C46D5-AF7F-4954-8CDB-10F5BB18F875}.Release|Any CPU.Build.0 = Release|Any CPU
	EndGlobalSection
	GlobalSection(SolutionProperties) = preSolution
		HideSolutionNode = FALSE
	EndGlobalSection
	GlobalSection(ExtensibilityGlobals) = postSolution
		SolutionGuid = {E6E60818-7B80-4E97-8DD9-F319371C025D}
	EndGlobalSection
EndGlobal
